{
  "nodes": {
    "nixCats": {
      "locked": {
        "lastModified": 1733575517,
        "narHash": "sha256-QjpD631uOxyXnb79XHCouRZsIXtemvp3gvIDR2hdMGg=",
        "owner": "BirdeeHub",
        "repo": "nixCats-nvim",
        "rev": "89be437c0737ff0ad723a04358ea177544e66bcf",
        "type": "github"
      },
      "original": {
        "owner": "BirdeeHub",
        "repo": "nixCats-nvim",
        "type": "github"
      }
    },
    "nixpkgs": {
      "locked": {
        "lastModified": 1733330745,
        "narHash": "sha256-jy34Nf4Tn1ITZcYyMBn1/7jA8bCCIZDpiVahqlCXfww=",
        "owner": "nixos",
        "repo": "nixpkgs",
        "rev": "2f9d395f057a50f8076f633c10519035fce8d773",
        "type": "github"
      },
      "original": {
        "owner": "nixos",
        "ref": "nixpkgs-unstable",
        "repo": "nixpkgs",
        "type": "github"
      }
    },
    "plugins-w3m-vim": {
      "flake": false,
      "locked": {
        "lastModified": 1418302067,
        "narHash": "sha256-zv5WdkS5PouGQbsklZev8X3oIg3EWUhb10GBqm/0BjA=",
        "owner": "yuratomo",
        "repo": "w3m.vim",
        "rev": "228a852b188f1a62ecea55fa48b0ec892fa6bad7",
        "type": "github"
      },
      "original": {
        "owner": "yuratomo",
        "repo": "w3m.vim",
        "type": "github"
      }
    },
    "root": {
      "inputs": {
        "nixCats": "nixCats",
        "nixpkgs": "nixpkgs",
        "plugins-w3m-vim": "plugins-w3m-vim"
      }
    }
  },
  "root": "root",
  "version": 7
}
