{
  "nodes": {
    "nixCats": {
      "locked": {
        "lastModified": 1731340411,
        "narHash": "sha256-FOqh3u8fOGQh26J7HF2cu5/jyHVIAFWBkhm4189GMiM=",
        "owner": "BirdeeHub",
        "repo": "nixCats-nvim",
        "rev": "d739e022ef7bc3d3ab5ca2303a8f1dff7a8aaf74",
        "type": "github"
      },
      "original": {
        "owner": "BirdeeHub",
        "repo": "nixCats-nvim",
        "type": "github"
      }
    },
    "nixpkgs": {
      "locked": {
        "lastModified": 1730958623,
        "narHash": "sha256-JwQZIGSYnRNOgDDoIgqKITrPVil+RMWHsZH1eE1VGN0=",
        "owner": "nixos",
        "repo": "nixpkgs",
        "rev": "85f7e662eda4fa3a995556527c87b2524b691933",
        "type": "github"
      },
      "original": {
        "owner": "nixos",
        "ref": "nixpkgs-unstable",
        "repo": "nixpkgs",
        "type": "github"
      }
    },
    "root": {
      "inputs": {
        "nixCats": "nixCats",
        "nixpkgs": "nixpkgs"
      }
    }
  },
  "root": "root",
  "version": 7
}
