{
  "nodes": {
    "nixCats": {
      "locked": {
        "lastModified": 1738991100,
        "narHash": "sha256-smTBsgrpagQrPWnOSq4wcz1Q1UJ4denBNPmBAJN2Ol4=",
        "owner": "BirdeeHub",
        "repo": "nixCats-nvim",
        "rev": "54e2cc42dbefb9e152d9584794f5d8d94a20a534",
        "type": "github"
      },
      "original": {
        "owner": "BirdeeHub",
        "repo": "nixCats-nvim",
        "type": "github"
      }
    },
    "nixpkgs": {
      "locked": {
        "lastModified": 1739019272,
        "narHash": "sha256-7Fu7oazPoYCbDzb9k8D/DdbKrC3aU1zlnc39Y8jy/s8=",
        "owner": "nixos",
        "repo": "nixpkgs",
        "rev": "fa35a3c8e17a3de613240fea68f876e5b4896aec",
        "type": "github"
      },
      "original": {
        "owner": "nixos",
        "ref": "nixpkgs-unstable",
        "repo": "nixpkgs",
        "type": "github"
      }
    },
    "plugins-nvim-treesitter-cpp-tools": {
      "flake": false,
      "locked": {
        "lastModified": 1738604826,
        "narHash": "sha256-5G0VAGRgd0RPo7fJFMr7u59yTuH4UwvQ1ca1KRcyByA=",
        "owner": "Badhi",
        "repo": "nvim-treesitter-cpp-tools",
        "rev": "84863e05159e95e6aec2ef30418ea88452f8f445",
        "type": "github"
      },
      "original": {
        "owner": "Badhi",
        "repo": "nvim-treesitter-cpp-tools",
        "type": "github"
      }
    },
    "plugins-w3m-vim": {
      "flake": false,
      "locked": {
        "lastModified": 1418302067,
        "narHash": "sha256-zv5WdkS5PouGQbsklZev8X3oIg3EWUhb10GBqm/0BjA=",
        "owner": "yuratomo",
        "repo": "w3m.vim",
        "rev": "228a852b188f1a62ecea55fa48b0ec892fa6bad7",
        "type": "github"
      },
      "original": {
        "owner": "yuratomo",
        "repo": "w3m.vim",
        "type": "github"
      }
    },
    "root": {
      "inputs": {
        "nixCats": "nixCats",
        "nixpkgs": "nixpkgs",
        "plugins-nvim-treesitter-cpp-tools": "plugins-nvim-treesitter-cpp-tools",
        "plugins-w3m-vim": "plugins-w3m-vim"
      }
    }
  },
  "root": "root",
  "version": 7
}
